{
  "version": "5",
  "specifiers": {
    "jsr:@std/assert@*": "1.0.18",
    "jsr:@std/internal@^1.0.12": "1.0.12",
    "npm:@electric-sql/pglite@~0.3.15": "0.3.15",
    "npm:@supabase/supabase-js@^2.93.3": "2.94.0",
    "npm:@types/node@^25.1.0": "25.2.0",
    "npm:tsx@^4.21.0": "4.21.0",
    "npm:typescript@^5.9.3": "5.9.3"
  },
  "jsr": {
    "@std/assert@1.0.18": {
      "integrity": "270245e9c2c13b446286de475131dc688ca9abcd94fc5db41d43a219b34d1c78",
      "dependencies": [
        "jsr:@std/internal"
      ]
    },
    "@std/internal@1.0.12": {
      "integrity": "972a634fd5bc34b242024402972cd5143eac68d8dffaca5eaa4dba30ce17b027"
    }
  },
  "npm": {
    "@electric-sql/pglite@0.3.15": {
      "integrity": "sha512-Cj++n1Mekf9ETfdc16TlDi+cDDQF0W7EcbyRHYOAeZdsAe8M/FJg18itDTSwyHfar2WIezawM9o0EKaRGVKygQ=="
    },
    "@esbuild/aix-ppc64@0.27.2": {
      "integrity": "sha512-GZMB+a0mOMZs4MpDbj8RJp4cw+w1WV5NYD6xzgvzUJ5Ek2jerwfO2eADyI6ExDSUED+1X8aMbegahsJi+8mgpw==",
      "os": ["aix"],
      "cpu": ["ppc64"]
    },
    "@esbuild/android-arm64@0.27.2": {
      "integrity": "sha512-pvz8ZZ7ot/RBphf8fv60ljmaoydPU12VuXHImtAs0XhLLw+EXBi2BLe3OYSBslR4rryHvweW5gmkKFwTiFy6KA==",
      "os": ["android"],
      "cpu": ["arm64"]
    },
    "@esbuild/android-arm@0.27.2": {
      "integrity": "sha512-DVNI8jlPa7Ujbr1yjU2PfUSRtAUZPG9I1RwW4F4xFB1Imiu2on0ADiI/c3td+KmDtVKNbi+nffGDQMfcIMkwIA==",
      "os": ["android"],
      "cpu": ["arm"]
    },
    "@esbuild/android-x64@0.27.2": {
      "integrity": "sha512-z8Ank4Byh4TJJOh4wpz8g2vDy75zFL0TlZlkUkEwYXuPSgX8yzep596n6mT7905kA9uHZsf/o2OJZubl2l3M7A==",
      "os": ["android"],
      "cpu": ["x64"]
    },
    "@esbuild/darwin-arm64@0.27.2": {
      "integrity": "sha512-davCD2Zc80nzDVRwXTcQP/28fiJbcOwvdolL0sOiOsbwBa72kegmVU0Wrh1MYrbuCL98Omp5dVhQFWRKR2ZAlg==",
      "os": ["darwin"],
      "cpu": ["arm64"]
    },
    "@esbuild/darwin-x64@0.27.2": {
      "integrity": "sha512-ZxtijOmlQCBWGwbVmwOF/UCzuGIbUkqB1faQRf5akQmxRJ1ujusWsb3CVfk/9iZKr2L5SMU5wPBi1UWbvL+VQA==",
      "os": ["darwin"],
      "cpu": ["x64"]
    },
    "@esbuild/freebsd-arm64@0.27.2": {
      "integrity": "sha512-lS/9CN+rgqQ9czogxlMcBMGd+l8Q3Nj1MFQwBZJyoEKI50XGxwuzznYdwcav6lpOGv5BqaZXqvBSiB/kJ5op+g==",
      "os": ["freebsd"],
      "cpu": ["arm64"]
    },
    "@esbuild/freebsd-x64@0.27.2": {
      "integrity": "sha512-tAfqtNYb4YgPnJlEFu4c212HYjQWSO/w/h/lQaBK7RbwGIkBOuNKQI9tqWzx7Wtp7bTPaGC6MJvWI608P3wXYA==",
      "os": ["freebsd"],
      "cpu": ["x64"]
    },
    "@esbuild/linux-arm64@0.27.2": {
      "integrity": "sha512-hYxN8pr66NsCCiRFkHUAsxylNOcAQaxSSkHMMjcpx0si13t1LHFphxJZUiGwojB1a/Hd5OiPIqDdXONia6bhTw==",
      "os": ["linux"],
      "cpu": ["arm64"]
    },
    "@esbuild/linux-arm@0.27.2": {
      "integrity": "sha512-vWfq4GaIMP9AIe4yj1ZUW18RDhx6EPQKjwe7n8BbIecFtCQG4CfHGaHuh7fdfq+y3LIA2vGS/o9ZBGVxIDi9hw==",
      "os": ["linux"],
      "cpu": ["arm"]
    },
    "@esbuild/linux-ia32@0.27.2": {
      "integrity": "sha512-MJt5BRRSScPDwG2hLelYhAAKh9imjHK5+NE/tvnRLbIqUWa+0E9N4WNMjmp/kXXPHZGqPLxggwVhz7QP8CTR8w==",
      "os": ["linux"],
      "cpu": ["ia32"]
    },
    "@esbuild/linux-loong64@0.27.2": {
      "integrity": "sha512-lugyF1atnAT463aO6KPshVCJK5NgRnU4yb3FUumyVz+cGvZbontBgzeGFO1nF+dPueHD367a2ZXe1NtUkAjOtg==",
      "os": ["linux"],
      "cpu": ["loong64"]
    },
    "@esbuild/linux-mips64el@0.27.2": {
      "integrity": "sha512-nlP2I6ArEBewvJ2gjrrkESEZkB5mIoaTswuqNFRv/WYd+ATtUpe9Y09RnJvgvdag7he0OWgEZWhviS1OTOKixw==",
      "os": ["linux"],
      "cpu": ["mips64el"]
    },
    "@esbuild/linux-ppc64@0.27.2": {
      "integrity": "sha512-C92gnpey7tUQONqg1n6dKVbx3vphKtTHJaNG2Ok9lGwbZil6DrfyecMsp9CrmXGQJmZ7iiVXvvZH6Ml5hL6XdQ==",
      "os": ["linux"],
      "cpu": ["ppc64"]
    },
    "@esbuild/linux-riscv64@0.27.2": {
      "integrity": "sha512-B5BOmojNtUyN8AXlK0QJyvjEZkWwy/FKvakkTDCziX95AowLZKR6aCDhG7LeF7uMCXEJqwa8Bejz5LTPYm8AvA==",
      "os": ["linux"],
      "cpu": ["riscv64"]
    },
    "@esbuild/linux-s390x@0.27.2": {
      "integrity": "sha512-p4bm9+wsPwup5Z8f4EpfN63qNagQ47Ua2znaqGH6bqLlmJ4bx97Y9JdqxgGZ6Y8xVTixUnEkoKSHcpRlDnNr5w==",
      "os": ["linux"],
      "cpu": ["s390x"]
    },
    "@esbuild/linux-x64@0.27.2": {
      "integrity": "sha512-uwp2Tip5aPmH+NRUwTcfLb+W32WXjpFejTIOWZFw/v7/KnpCDKG66u4DLcurQpiYTiYwQ9B7KOeMJvLCu/OvbA==",
      "os": ["linux"],
      "cpu": ["x64"]
    },
    "@esbuild/netbsd-arm64@0.27.2": {
      "integrity": "sha512-Kj6DiBlwXrPsCRDeRvGAUb/LNrBASrfqAIok+xB0LxK8CHqxZ037viF13ugfsIpePH93mX7xfJp97cyDuTZ3cw==",
      "os": ["netbsd"],
      "cpu": ["arm64"]
    },
    "@esbuild/netbsd-x64@0.27.2": {
      "integrity": "sha512-HwGDZ0VLVBY3Y+Nw0JexZy9o/nUAWq9MlV7cahpaXKW6TOzfVno3y3/M8Ga8u8Yr7GldLOov27xiCnqRZf0tCA==",
      "os": ["netbsd"],
      "cpu": ["x64"]
    },
    "@esbuild/openbsd-arm64@0.27.2": {
      "integrity": "sha512-DNIHH2BPQ5551A7oSHD0CKbwIA/Ox7+78/AWkbS5QoRzaqlev2uFayfSxq68EkonB+IKjiuxBFoV8ESJy8bOHA==",
      "os": ["openbsd"],
      "cpu": ["arm64"]
    },
    "@esbuild/openbsd-x64@0.27.2": {
      "integrity": "sha512-/it7w9Nb7+0KFIzjalNJVR5bOzA9Vay+yIPLVHfIQYG/j+j9VTH84aNB8ExGKPU4AzfaEvN9/V4HV+F+vo8OEg==",
      "os": ["openbsd"],
      "cpu": ["x64"]
    },
    "@esbuild/openharmony-arm64@0.27.2": {
      "integrity": "sha512-LRBbCmiU51IXfeXk59csuX/aSaToeG7w48nMwA6049Y4J4+VbWALAuXcs+qcD04rHDuSCSRKdmY63sruDS5qag==",
      "os": ["openharmony"],
      "cpu": ["arm64"]
    },
    "@esbuild/sunos-x64@0.27.2": {
      "integrity": "sha512-kMtx1yqJHTmqaqHPAzKCAkDaKsffmXkPHThSfRwZGyuqyIeBvf08KSsYXl+abf5HDAPMJIPnbBfXvP2ZC2TfHg==",
      "os": ["sunos"],
      "cpu": ["x64"]
    },
    "@esbuild/win32-arm64@0.27.2": {
      "integrity": "sha512-Yaf78O/B3Kkh+nKABUF++bvJv5Ijoy9AN1ww904rOXZFLWVc5OLOfL56W+C8F9xn5JQZa3UX6m+IktJnIb1Jjg==",
      "os": ["win32"],
      "cpu": ["arm64"]
    },
    "@esbuild/win32-ia32@0.27.2": {
      "integrity": "sha512-Iuws0kxo4yusk7sw70Xa2E2imZU5HoixzxfGCdxwBdhiDgt9vX9VUCBhqcwY7/uh//78A1hMkkROMJq9l27oLQ==",
      "os": ["win32"],
      "cpu": ["ia32"]
    },
    "@esbuild/win32-x64@0.27.2": {
      "integrity": "sha512-sRdU18mcKf7F+YgheI/zGf5alZatMUTKj/jNS6l744f9u3WFu4v7twcUI9vu4mknF4Y9aDlblIie0IM+5xxaqQ==",
      "os": ["win32"],
      "cpu": ["x64"]
    },
    "@supabase/auth-js@2.94.0": {
      "integrity": "sha512-FPFx8DzEreSoLo2HVfwNY0p/uNQ9rONQp3VKw68UP8wg1YwXK5g+TM4d4U7LTGW4HqwG0rjUdQ1it7QPw09r2w==",
      "dependencies": [
        "tslib"
      ]
    },
    "@supabase/functions-js@2.94.0": {
      "integrity": "sha512-DAbIptT7e7hAvYHp4FhRH+LxxvKQ38QGxjaFHLoDoeQBqDaAbP/iu74dLOn6PIAnSRAqUkN2bKGs3awzNzBgKA==",
      "dependencies": [
        "tslib"
      ]
    },
    "@supabase/postgrest-js@2.94.0": {
      "integrity": "sha512-3YKoDJu8VxvlJdCe2U2edzSQ9uArR0OLM3A4eAsS4QnIqzs+HuY5ZnubeoWnn/zRNeTENMLSXXZHAeMBPkyXew==",
      "dependencies": [
        "tslib"
      ]
    },
    "@supabase/realtime-js@2.94.0": {
      "integrity": "sha512-TTPVttf4yMZTd0Jo65rIn4eyTAlI7XlwgB6OVEnne4Sz4VOddXPavEw4xRISOKJZ1n8ULLRz03hilMtqnj9gNg==",
      "dependencies": [
        "@types/phoenix",
        "@types/ws",
        "tslib",
        "ws"
      ]
    },
    "@supabase/storage-js@2.94.0": {
      "integrity": "sha512-wLdfqKqSfdDgGbLqgsT8ssEELBaHJm1xwiymq3cvVgxcbjRR6ECtUGtA1kj0JvX/F9DiARbrk/zkIsQ+OaUVBg==",
      "dependencies": [
        "iceberg-js",
        "tslib"
      ]
    },
    "@supabase/supabase-js@2.94.0": {
      "integrity": "sha512-KcqoA3ITW++CwoyCFxwV10npzR6wMfjKbMz87Q1PSuLw26SmHFQjjbBLvuZpzOrPoQ67on5W55irFsK8e0BhWg==",
      "dependencies": [
        "@supabase/auth-js",
        "@supabase/functions-js",
        "@supabase/postgrest-js",
        "@supabase/realtime-js",
        "@supabase/storage-js"
      ]
    },
    "@types/node@24.2.0": {
      "integrity": "sha512-3xyG3pMCq3oYCNg7/ZP+E1ooTaGB4cG8JWRsqqOYQdbWNY4zbaV0Ennrd7stjiJEFZCaybcIgpTjJWHRfBSIDw==",
      "dependencies": [
        "undici-types@7.10.0"
      ]
    },
    "@types/node@25.2.0": {
      "integrity": "sha512-DZ8VwRFUNzuqJ5khrvwMXHmvPe+zGayJhr2CDNiKB1WBE1ST8Djl00D0IC4vvNmHMdj6DlbYRIaFE7WHjlDl5w==",
      "dependencies": [
        "undici-types@7.16.0"
      ]
    },
    "@types/phoenix@1.6.7": {
      "integrity": "sha512-oN9ive//QSBkf19rfDv45M7eZPi0eEXylht2OLEXicu5b4KoQ1OzXIw+xDSGWxSxe1JmepRR/ZH283vsu518/Q=="
    },
    "@types/ws@8.18.1": {
      "integrity": "sha512-ThVF6DCVhA8kUGy+aazFQ4kXQ7E1Ty7A3ypFOe0IcJV8O/M511G99AW24irKrW56Wt44yG9+ij8FaqoBGkuBXg==",
      "dependencies": [
        "@types/node@24.2.0"
      ]
    },
    "esbuild@0.27.2": {
      "integrity": "sha512-HyNQImnsOC7X9PMNaCIeAm4ISCQXs5a5YasTXVliKv4uuBo1dKrG0A+uQS8M5eXjVMnLg3WgXaKvprHlFJQffw==",
      "optionalDependencies": [
        "@esbuild/aix-ppc64",
        "@esbuild/android-arm",
        "@esbuild/android-arm64",
        "@esbuild/android-x64",
        "@esbuild/darwin-arm64",
        "@esbuild/darwin-x64",
        "@esbuild/freebsd-arm64",
        "@esbuild/freebsd-x64",
        "@esbuild/linux-arm",
        "@esbuild/linux-arm64",
        "@esbuild/linux-ia32",
        "@esbuild/linux-loong64",
        "@esbuild/linux-mips64el",
        "@esbuild/linux-ppc64",
        "@esbuild/linux-riscv64",
        "@esbuild/linux-s390x",
        "@esbuild/linux-x64",
        "@esbuild/netbsd-arm64",
        "@esbuild/netbsd-x64",
        "@esbuild/openbsd-arm64",
        "@esbuild/openbsd-x64",
        "@esbuild/openharmony-arm64",
        "@esbuild/sunos-x64",
        "@esbuild/win32-arm64",
        "@esbuild/win32-ia32",
        "@esbuild/win32-x64"
      ],
      "scripts": true,
      "bin": true
    },
    "fsevents@2.3.3": {
      "integrity": "sha512-5xoDfX+fL7faATnagmWPpbFtwh/R77WmMMqqHGS65C3vvB0YHrgF+B1YmZ3441tMj5n63k0212XNoJwzlhffQw==",
      "os": ["darwin"],
      "scripts": true
    },
    "get-tsconfig@4.13.1": {
      "integrity": "sha512-EoY1N2xCn44xU6750Sx7OjOIT59FkmstNc3X6y5xpz7D5cBtZRe/3pSlTkDJgqsOk3WwZPkWfonhhUJfttQo3w==",
      "dependencies": [
        "resolve-pkg-maps"
      ]
    },
    "iceberg-js@0.8.1": {
      "integrity": "sha512-1dhVQZXhcHje7798IVM+xoo/1ZdVfzOMIc8/rgVSijRK38EDqOJoGula9N/8ZI5RD8QTxNQtK/Gozpr+qUqRRA=="
    },
    "resolve-pkg-maps@1.0.0": {
      "integrity": "sha512-seS2Tj26TBVOC2NIc2rOe2y2ZO7efxITtLZcGSOnHHNOQ7CkiUBfw0Iw2ck6xkIhPwLhKNLS8BO+hEpngQlqzw=="
    },
    "tslib@2.8.1": {
      "integrity": "sha512-oJFu94HQb+KVduSUQL7wnpmqnfmLsOA/nAh6b6EH0wCEoK0/mPeXU6c3wKDV83MkOuHPRHtSXKKU99IBazS/2w=="
    },
    "tsx@4.21.0": {
      "integrity": "sha512-5C1sg4USs1lfG0GFb2RLXsdpXqBSEhAaA/0kPL01wxzpMqLILNxIxIOKiILz+cdg/pLnOUxFYOR5yhHU666wbw==",
      "dependencies": [
        "esbuild",
        "get-tsconfig"
      ],
      "optionalDependencies": [
        "fsevents"
      ],
      "bin": true
    },
    "typescript@5.9.3": {
      "integrity": "sha512-jl1vZzPDinLr9eUt3J/t7V6FgNEw9QjvBPdysz9KfQDD41fQrC2Y4vKQdiaUpFT4bXlb1RHhLpp8wtm6M5TgSw==",
      "bin": true
    },
    "undici-types@7.10.0": {
      "integrity": "sha512-t5Fy/nfn+14LuOc2KNYg75vZqClpAiqscVvMygNnlsHBFpSXdJaYtXMcdNLpl/Qvc3P2cB3s6lOV51nqsFq4ag=="
    },
    "undici-types@7.16.0": {
      "integrity": "sha512-Zz+aZWSj8LE6zoxD+xrjh4VfkIG8Ya6LvYkZqtUQGJPZjYl53ypCaUwWqo7eI0x66KBGeRo+mlBEkMSeSZ38Nw=="
    },
    "ws@8.19.0": {
      "integrity": "sha512-blAT2mjOEIi0ZzruJfIhb3nps74PRWTCz1IjglWEEpQl5XS/UNama6u2/rjFkDDouqr4L67ry+1aGIALViWjDg=="
    }
  },
  "remote": {
    "https://deno.land/std@0.224.0/assert/_constants.ts": "a271e8ef5a573f1df8e822a6eb9d09df064ad66a4390f21b3e31f820a38e0975",
    "https://deno.land/std@0.224.0/assert/assert.ts": "09d30564c09de846855b7b071e62b5974b001bb72a4b797958fe0660e7849834",
    "https://deno.land/std@0.224.0/assert/assert_almost_equals.ts": "9e416114322012c9a21fa68e187637ce2d7df25bcbdbfd957cd639e65d3cf293",
    "https://deno.land/std@0.224.0/assert/assert_array_includes.ts": "14c5094471bc8e4a7895fc6aa5a184300d8a1879606574cb1cd715ef36a4a3c7",
    "https://deno.land/std@0.224.0/assert/assert_equals.ts": "3bbca947d85b9d374a108687b1a8ba3785a7850436b5a8930d81f34a32cb8c74",
    "https://deno.land/std@0.224.0/assert/assert_exists.ts": "43420cf7f956748ae6ed1230646567b3593cb7a36c5a5327269279c870c5ddfd",
    "https://deno.land/std@0.224.0/assert/assert_false.ts": "3e9be8e33275db00d952e9acb0cd29481a44fa0a4af6d37239ff58d79e8edeff",
    "https://deno.land/std@0.224.0/assert/assert_greater.ts": "5e57b201fd51b64ced36c828e3dfd773412c1a6120c1a5a99066c9b261974e46",
    "https://deno.land/std@0.224.0/assert/assert_greater_or_equal.ts": "9870030f997a08361b6f63400273c2fb1856f5db86c0c3852aab2a002e425c5b",
    "https://deno.land/std@0.224.0/assert/assert_instance_of.ts": "e22343c1fdcacfaea8f37784ad782683ec1cf599ae9b1b618954e9c22f376f2c",
    "https://deno.land/std@0.224.0/assert/assert_is_error.ts": "f856b3bc978a7aa6a601f3fec6603491ab6255118afa6baa84b04426dd3cc491",
    "https://deno.land/std@0.224.0/assert/assert_less.ts": "60b61e13a1982865a72726a5fa86c24fad7eb27c3c08b13883fb68882b307f68",
    "https://deno.land/std@0.224.0/assert/assert_less_or_equal.ts": "d2c84e17faba4afe085e6c9123a63395accf4f9e00150db899c46e67420e0ec3",
    "https://deno.land/std@0.224.0/assert/assert_match.ts": "ace1710dd3b2811c391946954234b5da910c5665aed817943d086d4d4871a8b7",
    "https://deno.land/std@0.224.0/assert/assert_not_equals.ts": "78d45dd46133d76ce624b2c6c09392f6110f0df9b73f911d20208a68dee2ef29",
    "https://deno.land/std@0.224.0/assert/assert_not_instance_of.ts": "3434a669b4d20cdcc5359779301a0588f941ffdc2ad68803c31eabdb4890cf7a",
    "https://deno.land/std@0.224.0/assert/assert_not_match.ts": "df30417240aa2d35b1ea44df7e541991348a063d9ee823430e0b58079a72242a",
    "https://deno.land/std@0.224.0/assert/assert_not_strict_equals.ts": "37f73880bd672709373d6dc2c5f148691119bed161f3020fff3548a0496f71b8",
    "https://deno.land/std@0.224.0/assert/assert_object_match.ts": "411450fd194fdaabc0089ae68f916b545a49d7b7e6d0026e84a54c9e7eed2693",
    "https://deno.land/std@0.224.0/assert/assert_rejects.ts": "4bee1d6d565a5b623146a14668da8f9eb1f026a4f338bbf92b37e43e0aa53c31",
    "https://deno.land/std@0.224.0/assert/assert_strict_equals.ts": "b4f45f0fd2e54d9029171876bd0b42dd9ed0efd8f853ab92a3f50127acfa54f5",
    "https://deno.land/std@0.224.0/assert/assert_string_includes.ts": "496b9ecad84deab72c8718735373feb6cdaa071eb91a98206f6f3cb4285e71b8",
    "https://deno.land/std@0.224.0/assert/assert_throws.ts": "c6508b2879d465898dab2798009299867e67c570d7d34c90a2d235e4553906eb",
    "https://deno.land/std@0.224.0/assert/assertion_error.ts": "ba8752bd27ebc51f723702fac2f54d3e94447598f54264a6653d6413738a8917",
    "https://deno.land/std@0.224.0/assert/equal.ts": "bddf07bb5fc718e10bb72d5dc2c36c1ce5a8bdd3b647069b6319e07af181ac47",
    "https://deno.land/std@0.224.0/assert/fail.ts": "0eba674ffb47dff083f02ced76d5130460bff1a9a68c6514ebe0cdea4abadb68",
    "https://deno.land/std@0.224.0/assert/mod.ts": "48b8cb8a619ea0b7958ad7ee9376500fe902284bb36f0e32c598c3dc34cbd6f3",
    "https://deno.land/std@0.224.0/assert/unimplemented.ts": "8c55a5793e9147b4f1ef68cd66496b7d5ba7a9e7ca30c6da070c1a58da723d73",
    "https://deno.land/std@0.224.0/assert/unreachable.ts": "5ae3dbf63ef988615b93eb08d395dda771c96546565f9e521ed86f6510c29e19",
    "https://deno.land/std@0.224.0/fmt/colors.ts": "508563c0659dd7198ba4bbf87e97f654af3c34eb56ba790260f252ad8012e1c5",
    "https://deno.land/std@0.224.0/internal/diff.ts": "6234a4b493ebe65dc67a18a0eb97ef683626a1166a1906232ce186ae9f65f4e6",
    "https://deno.land/std@0.224.0/internal/format.ts": "0a98ee226fd3d43450245b1844b47003419d34d210fa989900861c79820d21c2",
    "https://deno.land/std@0.224.0/internal/mod.ts": "534125398c8e7426183e12dc255bb635d94e06d0f93c60a297723abe69d3b22e",
    "https://raw.githubusercontent.com/filipecabaco/native_postgrest_parser/main/pkg/client.ts": "4b2b7b6daa0fd4230369032dd7ef00fd294b875f4e3e4c0a92271301415b7c51",
    "https://raw.githubusercontent.com/filipecabaco/native_postgrest_parser/main/pkg/postgrest_parser.js": "a913f0cc51516b3e3f25ff418440361f2c3ec3a3b85c4d8a4243ed0b78f7d8c1",
    "https://raw.githubusercontent.com/filipecabaco/native_postgrest_parser/main/pkg/types.js": "ba5e956df85ed16697a8fa8ce54d52909d7198bafa166eacab29bc79f20140e6",
    "https://raw.githubusercontent.com/filipecabaco/native_postgrest_parser/main/pkg/types.ts": "4a2810db6b2e70c2af646581d0c3844e8009dc1968180ac1fc6283628b3ddfac"
  },
  "workspace": {
    "dependencies": [
      "npm:@electric-sql/pglite@~0.3.15",
      "npm:@supabase/supabase-js@^2.93.3"
    ],
    "packageJson": {
      "dependencies": [
        "npm:@electric-sql/pglite@~0.3.15",
        "npm:@supabase/supabase-js@^2.93.3",
        "npm:@types/node@^25.1.0",
        "npm:esbuild@~0.27.3",
        "npm:postgrest-parser@~0.1.1",
        "npm:tsx@^4.21.0",
        "npm:typescript@^5.9.3"
      ]
    }
  }
}
